
Microsoft Visual Studio Solution File, Format Version 12.00
# Visual Studio Version 16
VisualStudioVersion = 16.0.29709.97
MinimumVisualStudioVersion = 10.0.40219.1
Project("{FAE04EC0-301F-11D3-BF4B-00C04F79EFBC}") = "WebApplication1", "WebApplication1.csproj", "{D64352EC-E0F1-41EC-A227-817C9C431CAC}"
EndProject
Global
	GlobalSection(SolutionConfigurationPlatforms) = preSolution
		Debug|Any CPU = Debug|Any CPU
		Release|Any CPU = Release|Any CPU
	EndGlobalSection
	GlobalSection(ProjectConfigurationPlatforms) = postSolution
		{D64352EC-E0F1-41EC-A227-817C9C431CAC}.Debug|Any CPU.ActiveCfg = Debug|Any CPU
		{D64352EC-E0F1-41EC-A227-817C9C431CAC}.Debug|Any CPU.Build.0 = Debug|Any CPU
		{D64352EC-E0F1-41EC-A227-817C9C431CAC}.Release|Any CPU.ActiveCfg = Release|Any CPU
		{D64352EC-E0F1-41EC-A227-817C9C431CAC}.Release|Any CPU.Build.0 = Release|Any CPU
	EndGlobalSection
	GlobalSection(SolutionProperties) = preSolution
		HideSolutionNode = FALSE
	EndGlobalSection
	GlobalSection(ExtensibilityGlobals) = postSolution
		SolutionGuid = {DA1D0C8A-985B-4134-AC0B-6E3DE901A086}
	EndGlobalSection
EndGlobal
